
Microsoft Visual Studio Solution File, Format Version 12.00
# Visual Studio Version 17
VisualStudioVersion = 17.9.34728.123
MinimumVisualStudioVersion = 10.0.40219.1
Project("{FAE04EC0-301F-11D3-BF4B-00C04F79EFBC}") = "TrabajoFinal", "TrabajoFinal\TrabajoFinal.csproj", "{DE17FAD1-BF7B-454D-9FF1-5AEE5FACEDBE}"
EndProject
Global
	GlobalSection(SolutionConfigurationPlatforms) = preSolution
		Debug|Any CPU = Debug|Any CPU
		Release|Any CPU = Release|Any CPU
	EndGlobalSection
	GlobalSection(ProjectConfigurationPlatforms) = postSolution
		{DE17FAD1-BF7B-454D-9FF1-5AEE5FACEDBE}.Debug|Any CPU.ActiveCfg = Debug|Any CPU
		{DE17FAD1-BF7B-454D-9FF1-5AEE5FACEDBE}.Debug|Any CPU.Build.0 = Debug|Any CPU
		{DE17FAD1-BF7B-454D-9FF1-5AEE5FACEDBE}.Release|Any CPU.ActiveCfg = Release|Any CPU
		{DE17FAD1-BF7B-454D-9FF1-5AEE5FACEDBE}.Release|Any CPU.Build.0 = Release|Any CPU
	EndGlobalSection
	GlobalSection(SolutionProperties) = preSolution
		HideSolutionNode = FALSE
	EndGlobalSection
	GlobalSection(ExtensibilityGlobals) = postSolution
		SolutionGuid = {64C1C8B6-8A0C-44ED-8632-4DF36F63FE82}
	EndGlobalSection
EndGlobal
